%{"bbmustache": {:hex, :bbmustache, "1.0.4", "7ba94f971c5afd7b6617918a4bb74705e36cab36eb84b19b6a1b7ee06427aa38", [:rebar], []},
  "cf": {:hex, :cf, "0.2.1", "69d0b1349fd4d7d4dc55b7f407d29d7a840bf9a1ef5af529f1ebe0ce153fc2ab", [:rebar3], []},
  "conform": {:hex, :conform, "2.0.0", "581ba82cc38a76104562b881dc76f92f4859ea13fa2028c3e6d10d6099b33fb7", [:mix], [{:neotoma, "~> 1.7.3", [hex: :neotoma, optional: false]}]},
  "conform_exrm": {:hex, :conform_exrm, "1.0.0", "68d5923a74dad4169b51454d723d08ca1644b6a6deaf64eccd509fd084cd1343", [:mix], [{:exrm, "> 0.0.0", [hex: :exrm, optional: false]}, {:conform, "> 0.0.0", [hex: :conform, optional: false]}]},
  "connection": {:hex, :connection, "1.0.2"},
  "cors_plug": {:hex, :cors_plug, "1.1.2", "3e7451286996f745c7b629c39d24a6493e59b0c8191f27e67f6ab097f96ffd23", [:mix], [{:plug, "> 0.8.0", [hex: :plug, optional: false]}, {:cowboy, "~> 1.0.0", [hex: :cowboy, optional: false]}]},
  "corsica": {:hex, :corsica, "0.4.2", "e01a1745b3273148d44c12c14db459e857ecd293311a0b8ddbd103dc2974907c", [:mix], [{:plug, ">= 0.9.0", [hex: :plug, optional: false]}, {:cowboy, ">= 1.0.0", [hex: :cowboy, optional: false]}]},
  "cowboy": {:hex, :cowboy, "1.0.4", "a324a8df9f2316c833a470d918aaf73ae894278b8aa6226ce7a9bf699388f878", [:rebar, :make], [{:cowlib, "~> 1.0.0", [hex: :cowlib, optional: false]}, {:ranch, "~> 1.0", [hex: :ranch, optional: false]}]},
  "cowlib": {:hex, :cowlib, "1.0.2", "9d769a1d062c9c3ac753096f868ca121e2730b9a377de23dec0f7e08b1df84ee", [:make], []},
  "edeliver": {:hex, :edeliver, "1.2.4", "9df5cae25120a5127f75bc12cc86352f6a3eb4e88097a866a25d71a2b1c94c0a", [:mix], [{:exrm, ">= 0.16.0", [hex: :exrm, optional: false]}]},
  "eredis": {:hex, :eredis, "1.0.8", "ab4fda1c4ba7fbe6c19c26c249dc13da916d762502c4b4fa2df401a8d51c5364", [:rebar], []},
  "erlware_commons": {:hex, :erlware_commons, "0.19.0", "7b43caf2c91950c5f60dc20451e3c3afba44d3d4f7f27bcdc52469285a5a3e70", [:rebar3], [{:cf, "0.2.1", [hex: :cf, optional: false]}]},
  "exredis": {:hex, :exredis, "0.2.4", "07f4ea69b5cf1912d62cea4599687fedb3efe19cced8ddf087ef63dd17447518", [:mix], [{:eredis, ">= 1.0.8", [hex: :eredis, optional: false]}]},
  "exrm": {:hex, :exrm, "1.0.4", "b20279ff7f0c5c240fe47f5a2aea12c00ced539c8001e59abb8c1ad50759cbe3", [:mix], [{:relx, "~> 3.5", [hex: :relx, optional: false]}]},
  "getopt": {:hex, :getopt, "0.8.2", "b17556db683000ba50370b16c0619df1337e7af7ecbf7d64fbf8d1d6bce3109b", [:rebar], []},
  "neotoma": {:hex, :neotoma, "1.7.3", "d8bd5404b73273989946e4f4f6d529e5c2088f5fa1ca790b4dbe81f4be408e61", [:rebar], []},
  "plug": {:hex, :plug, "1.1.4", "2eee0e85ad420db96e075b3191d3764d6fff61422b101dc5b02e9cce99cacfc7", [:mix], [{:cowboy, "~> 1.0", [hex: :cowboy, optional: true]}]},
  "poison": {:hex, :poison, "2.1.0", "f583218ced822675e484648fa26c933d621373f01c6c76bd00005d7bd4b82e27", [:mix], []},
  "providers": {:hex, :providers, "1.6.0", "db0e2f9043ae60c0155205fcd238d68516331d0e5146155e33d1e79dc452964a", [:rebar3], [{:getopt, "0.8.2", [hex: :getopt, optional: false]}]},
  "ranch": {:hex, :ranch, "1.2.1", "a6fb992c10f2187b46ffd17ce398ddf8a54f691b81768f9ef5f461ea7e28c762", [:make], []},
  "redix": {:hex, :redix, "0.3.6"},
  "relx": {:hex, :relx, "3.19.0", "286dd5244b4786f56aac75d5c8e2d1fb4cfd306810d4ec8548f3ae1b3aadb8f7", [:rebar3], [{:providers, "1.6.0", [hex: :providers, optional: false]}, {:getopt, "0.8.2", [hex: :getopt, optional: false]}, {:erlware_commons, "0.19.0", [hex: :erlware_commons, optional: false]}, {:cf, "0.2.1", [hex: :cf, optional: false]}, {:bbmustache, "1.0.4", [hex: :bbmustache, optional: false]}]}}
